PODS:
  - CryptoSwift (1.0.0)
  - IQKeyboardManagerSwift (6.3.0)

DEPENDENCIES:
  - CryptoSwift
  - IQKeyboardManagerSwift

SPEC REPOS:
  https://github.com/cocoapods/specs.git:
    - CryptoSwift
    - IQKeyboardManagerSwift

SPEC CHECKSUMS:
  CryptoSwift: d81eeaa59dc5a8d03720fe919a6fd07b51f7439f
  IQKeyboardManagerSwift: a8228c257614af98743b4cd8584637025f36358f

PODFILE CHECKSUM: bde470512321c52f72f16289b2d451223c84d7a5

COCOAPODS: 1.6.1
